
Microsoft Visual Studio Solution File, Format Version 12.00
# Visual Studio Version 17
VisualStudioVersion = 17.9.34728.123
MinimumVisualStudioVersion = 10.0.40219.1
Project("{FAE04EC0-301F-11D3-BF4B-00C04F79EFBC}") = "TicTacToe", "TicTacToe\TicTacToe.csproj", "{164ECFDB-A5AF-4094-A046-A061F86F752C}"
EndProject
Global
	GlobalSection(SolutionConfigurationPlatforms) = preSolution
		Debug|Any CPU = Debug|Any CPU
		Release|Any CPU = Release|Any CPU
	EndGlobalSection
	GlobalSection(ProjectConfigurationPlatforms) = postSolution
		{164ECFDB-A5AF-4094-A046-A061F86F752C}.Debug|Any CPU.ActiveCfg = Debug|Any CPU
		{164ECFDB-A5AF-4094-A046-A061F86F752C}.Debug|Any CPU.Build.0 = Debug|Any CPU
		{164ECFDB-A5AF-4094-A046-A061F86F752C}.Release|Any CPU.ActiveCfg = Release|Any CPU
		{164ECFDB-A5AF-4094-A046-A061F86F752C}.Release|Any CPU.Build.0 = Release|Any CPU
	EndGlobalSection
	GlobalSection(SolutionProperties) = preSolution
		HideSolutionNode = FALSE
	EndGlobalSection
	GlobalSection(ExtensibilityGlobals) = postSolution
		SolutionGuid = {16ED6EB4-C78B-46BE-9371-792D7749B9A5}
	EndGlobalSection
EndGlobal
